
Microsoft Visual Studio Solution File, Format Version 12.00
# Visual Studio Version 16
VisualStudioVersion = 16.0.31702.278
MinimumVisualStudioVersion = 10.0.40219.1
Project("{FAE04EC0-301F-11D3-BF4B-00C04F79EFBC}") = "Admin", "Admin.csproj", "{7412D2FC-0005-4C5E-B9E4-F86A476FE403}"
EndProject
Global
	GlobalSection(SolutionConfigurationPlatforms) = preSolution
		Debug|Any CPU = Debug|Any CPU
		Release|Any CPU = Release|Any CPU
	EndGlobalSection
	GlobalSection(ProjectConfigurationPlatforms) = postSolution
		{7412D2FC-0005-4C5E-B9E4-F86A476FE403}.Debug|Any CPU.ActiveCfg = Debug|Any CPU
		{7412D2FC-0005-4C5E-B9E4-F86A476FE403}.Debug|Any CPU.Build.0 = Debug|Any CPU
		{7412D2FC-0005-4C5E-B9E4-F86A476FE403}.Release|Any CPU.ActiveCfg = Release|Any CPU
		{7412D2FC-0005-4C5E-B9E4-F86A476FE403}.Release|Any CPU.Build.0 = Release|Any CPU
	EndGlobalSection
	GlobalSection(SolutionProperties) = preSolution
		HideSolutionNode = FALSE
	EndGlobalSection
	GlobalSection(ExtensibilityGlobals) = postSolution
		SolutionGuid = {27CC3C11-AF83-436C-8558-3DF713A403B4}
	EndGlobalSection
EndGlobal
